
Microsoft Visual Studio Solution File, Format Version 12.00
# Visual Studio Version 17
VisualStudioVersion = 17.7.34031.279
MinimumVisualStudioVersion = 10.0.40219.1
Project("{9A19103F-16F7-4668-BE54-9A1E7A4F7556}") = "PoddCollectorG26", "PoddCollectorG26.csproj", "{B2249A97-5F21-46BD-BE1F-78952E5F58D2}"
EndProject
Project("{FAE04EC0-301F-11D3-BF4B-00C04F79EFBC}") = "BL", "..\BL\BL.csproj", "{C5CEC6C2-F748-4886-9121-A2EB48F34135}"
EndProject
Project("{FAE04EC0-301F-11D3-BF4B-00C04F79EFBC}") = "DAL", "..\DAL\DAL.csproj", "{6F20A2FD-737C-48C8-9FAB-EA71ECBB0356}"
EndProject
Global
	GlobalSection(SolutionConfigurationPlatforms) = preSolution
		Debug|Any CPU = Debug|Any CPU
		Release|Any CPU = Release|Any CPU
	EndGlobalSection
	GlobalSection(ProjectConfigurationPlatforms) = postSolution
		{B2249A97-5F21-46BD-BE1F-78952E5F58D2}.Debug|Any CPU.ActiveCfg = Debug|Any CPU
		{B2249A97-5F21-46BD-BE1F-78952E5F58D2}.Debug|Any CPU.Build.0 = Debug|Any CPU
		{B2249A97-5F21-46BD-BE1F-78952E5F58D2}.Release|Any CPU.ActiveCfg = Release|Any CPU
		{B2249A97-5F21-46BD-BE1F-78952E5F58D2}.Release|Any CPU.Build.0 = Release|Any CPU
		{C5CEC6C2-F748-4886-9121-A2EB48F34135}.Debug|Any CPU.ActiveCfg = Debug|Any CPU
		{C5CEC6C2-F748-4886-9121-A2EB48F34135}.Debug|Any CPU.Build.0 = Debug|Any CPU
		{C5CEC6C2-F748-4886-9121-A2EB48F34135}.Release|Any CPU.ActiveCfg = Release|Any CPU
		{C5CEC6C2-F748-4886-9121-A2EB48F34135}.Release|Any CPU.Build.0 = Release|Any CPU
		{6F20A2FD-737C-48C8-9FAB-EA71ECBB0356}.Debug|Any CPU.ActiveCfg = Debug|Any CPU
		{6F20A2FD-737C-48C8-9FAB-EA71ECBB0356}.Debug|Any CPU.Build.0 = Debug|Any CPU
		{6F20A2FD-737C-48C8-9FAB-EA71ECBB0356}.Release|Any CPU.ActiveCfg = Release|Any CPU
		{6F20A2FD-737C-48C8-9FAB-EA71ECBB0356}.Release|Any CPU.Build.0 = Release|Any CPU
	EndGlobalSection
	GlobalSection(SolutionProperties) = preSolution
		HideSolutionNode = FALSE
	EndGlobalSection
	GlobalSection(ExtensibilityGlobals) = postSolution
		SolutionGuid = {3C71699A-27CA-4055-AD77-301CC62D4B89}
	EndGlobalSection
EndGlobal
